{
    "hash": "5f770380bf537aea1689442beb2bc64d",
    "packages": [
        {
            "package": "dflydev/markdown",
            "version": "v1.0.2"
        },
        {
            "package": "dg/rss-php",
            "version": "v1.0.0"
        },
        {
            "package": "slim/slim",
            "version": "2.0.0"
        }
    ],
    "packages-dev": null,
    "aliases": [

    ],
    "minimum-stability": "stable",
    "stability-flags": [

    ]
}
